PODS:
  - BPLog (0.1.8):
    - CocoaLumberjack/Swift
    - ZipArchive
  - CocoaLumberjack/Core (3.7.2)
  - CocoaLumberjack/Swift (3.7.2):
    - CocoaLumberjack/Core
  - ZipArchive (1.4.0)

DEPENDENCIES:
  - BPLog (from `../`)

SPEC REPOS:
  trunk:
    - CocoaLumberjack
    - ZipArchive

EXTERNAL SOURCES:
  BPLog:
    :path: "../"

SPEC CHECKSUMS:
  BPLog: 82ddf1d23127cc23859742d1267c1ec4c259ec0c
  CocoaLumberjack: b7e05132ff94f6ae4dfa9d5bce9141893a21d9da
  ZipArchive: e25a4373192673e3229ac8d6e9f64a3e5713c966

PODFILE CHECKSUM: 8d53508ab586f38bb5c8bf7c77db102680180b81

COCOAPODS: 1.10.1
