PODS:
  - BPLog (0.1.6):
    - CocoaLumberjack/Swift
    - ZipArchive
  - CocoaLumberjack/Core (3.7.2)
  - CocoaLumberjack/Swift (3.7.2):
    - CocoaLumberjack/Core
  - ZipArchive (1.4.0)

DEPENDENCIES:
  - BPLog (from `../`)

SPEC REPOS:
  trunk:
    - CocoaLumberjack
    - ZipArchive

EXTERNAL SOURCES:
  BPLog:
    :path: "../"

SPEC CHECKSUMS:
  BPLog: 96b59840420c9f4850e9f9818e856be5b729b1f8
  CocoaLumberjack: b7e05132ff94f6ae4dfa9d5bce9141893a21d9da
  ZipArchive: e25a4373192673e3229ac8d6e9f64a3e5713c966

PODFILE CHECKSUM: 36f384931bc54dfe8ee09d92d92f00f9f4641198

COCOAPODS: 1.10.1
